Microsoft Visual Studio Solution File, Format Version 12.00
# Visual Studio Version 17
VisualStudioVersion = 17.0.31903.59
MinimumVisualStudioVersion = 10.0.40219.1
Project("{FAE04EC0-301F-11D3-BF4B-00C04F79EFBC}") = "GreenAI.Core", "src\GreenAI.Core\GreenAI.Core.csproj", "{B4B68362-587A-4AD4-A80B-0A46F2F2FE36}"
EndProject
Project("{FAE04EC0-301F-11D3-BF4B-00C04F79EFBC}") = "GreenAI.NanoCad", "src\GreenAI.NanoCad\GreenAI.NanoCad.csproj", "{FF832111-E69B-42E6-975C-561900B188B6}"
EndProject
Project("{FAE04EC0-301F-11D3-BF4B-00C04F79EFBC}") = "GreenAI.Core.SmokeTests", "tests\GreenAI.Core.SmokeTests\GreenAI.Core.SmokeTests.csproj", "{E29B941C-9304-44CB-8804-5D149D773E11}"
EndProject
Global
	GlobalSection(SolutionConfigurationPlatforms) = preSolution
		Debug|x64 = Debug|x64
		Release|x64 = Release|x64
	EndGlobalSection
	GlobalSection(ProjectConfigurationPlatforms) = postSolution
		{B4B68362-587A-4AD4-A80B-0A46F2F2FE36}.Debug|x64.ActiveCfg = Debug|Any CPU
		{B4B68362-587A-4AD4-A80B-0A46F2F2FE36}.Debug|x64.Build.0 = Debug|Any CPU
		{B4B68362-587A-4AD4-A80B-0A46F2F2FE36}.Release|x64.ActiveCfg = Release|Any CPU
		{B4B68362-587A-4AD4-A80B-0A46F2F2FE36}.Release|x64.Build.0 = Release|Any CPU
		{FF832111-E69B-42E6-975C-561900B188B6}.Debug|x64.ActiveCfg = Debug|x64
		{FF832111-E69B-42E6-975C-561900B188B6}.Debug|x64.Build.0 = Debug|x64
		{FF832111-E69B-42E6-975C-561900B188B6}.Release|x64.ActiveCfg = Release|x64
		{FF832111-E69B-42E6-975C-561900B188B6}.Release|x64.Build.0 = Release|x64
		{E29B941C-9304-44CB-8804-5D149D773E11}.Debug|x64.ActiveCfg = Debug|Any CPU
		{E29B941C-9304-44CB-8804-5D149D773E11}.Debug|x64.Build.0 = Debug|Any CPU
		{E29B941C-9304-44CB-8804-5D149D773E11}.Release|x64.ActiveCfg = Release|Any CPU
		{E29B941C-9304-44CB-8804-5D149D773E11}.Release|x64.Build.0 = Release|Any CPU
	EndGlobalSection
EndGlobal
